<Solution>
  <Folder Name="/DotBahn.Clients/">
    <Project Path="source/DotBahn.Clients/DotBahn.Clients.FaSta/DotBahn.Clients.FaSta.csproj" />
    <Project Path="source/DotBahn.Clients/DotBahn.Clients.Shared/DotBahn.Clients.Shared.csproj" />
    <Project Path="source/DotBahn.Clients/DotBahn.Clients.StaDa/DotBahn.Clients.StaDa.csproj" />
    <Project Path="source\DotBahn.Clients\DotBahn.Clients.Timetables\DotBahn.Clients.Timetables.csproj" />
  </Folder>
  <Folder Name="/DotBahn.Modules/">
    <Project Path="source/DotBahn.Modules/DotBahn.Modules.Auth/DotBahn.Modules.Auth.csproj" />
    <Project Path="source/DotBahn.Modules/DotBahn.Modules.Cache/DotBahn.Modules.Cache.csproj" />
    <Project Path="source/DotBahn.Modules/DotBahn.Modules.Shared/DotBahn.Modules.Shared.csproj" />
  </Folder>
  <Folder Name="/DotBahn.Samples/">
    <Project Path="samples\DotBahn.Sample.Timetables\DotBahn.Sample.Timetables.csproj" />
  </Folder>
  <Folder Name="/DotBahn.Tests/">
    <Project Path="tests\DotBahn.Tests.Timetables\DotBahn.Tests.Timetables.csproj" />
  </Folder>
</Solution>
